// !$*UTF8*$!
{
	archiveVersion = 1;
	classes = {
	};
	objectVersion = 46;
	objects = {

/* Begin PBXBuildFile section */
		F702209B1D759CA00082A6E5 /* face_track_2.0.0.model in Resources */ = {isa = PBXBuildFile; fileRef = F70220991D759CA00082A6E5 /* face_track_2.0.0.model */; };
		F702209C1D759CA00082A6E5 /* VERSION in Resources */ = {isa = PBXBuildFile; fileRef = F702209A1D759CA00082A6E5 /* VERSION */; };
		F729EEAF1D6ED31900890D06 /* SENSEME_106.lic in Resources */ = {isa = PBXBuildFile; fileRef = F729EEAB1D6ED31900890D06 /* SENSEME_106.lic */; };
		F76245421CF3F042004B5647 /* main.m in Sources */ = {isa = PBXBuildFile; fileRef = F76245411CF3F042004B5647 /* main.m */; };
		F76245451CF3F042004B5647 /* AppDelegate.m in Sources */ = {isa = PBXBuildFile; fileRef = F76245441CF3F042004B5647 /* AppDelegate.m */; };
		F762454B1CF3F042004B5647 /* Main.storyboard in Resources */ = {isa = PBXBuildFile; fileRef = F76245491CF3F042004B5647 /* Main.storyboard */; };
		F762454D1CF3F042004B5647 /* Assets.xcassets in Resources */ = {isa = PBXBuildFile; fileRef = F762454C1CF3F042004B5647 /* Assets.xcassets */; };
		F76245501CF3F042004B5647 /* LaunchScreen.storyboard in Resources */ = {isa = PBXBuildFile; fileRef = F762454E1CF3F042004B5647 /* LaunchScreen.storyboard */; };
		F762455B1CF3F042004B5647 /* sample_st_mobile_detectionTests.m in Sources */ = {isa = PBXBuildFile; fileRef = F762455A1CF3F042004B5647 /* sample_st_mobile_detectionTests.m */; };
		F76245661CF3F042004B5647 /* sample_st_mobile_detectionUITests.m in Sources */ = {isa = PBXBuildFile; fileRef = F76245651CF3F042004B5647 /* sample_st_mobile_detectionUITests.m */; };
		F76245741CF3F06F004B5647 /* Default-568h@2x.png in Resources */ = {isa = PBXBuildFile; fileRef = F76245731CF3F06F004B5647 /* Default-568h@2x.png */; };
		F76245791CF3F168004B5647 /* libst_mobile.a in Frameworks */ = {isa = PBXBuildFile; fileRef = F76245771CF3F168004B5647 /* libst_mobile.a */; };
		F762458A1CF3F881004B5647 /* DetailViewController.m in Sources */ = {isa = PBXBuildFile; fileRef = F76245801CF3F881004B5647 /* DetailViewController.m */; };
		F762458B1CF3F881004B5647 /* RootTableViewController.m in Sources */ = {isa = PBXBuildFile; fileRef = F76245811CF3F881004B5647 /* RootTableViewController.m */; };
		F762458C1CF3F881004B5647 /* face0.jpg in Resources */ = {isa = PBXBuildFile; fileRef = F76245831CF3F881004B5647 /* face0.jpg */; };
		F762458D1CF3F881004B5647 /* face1.jpg in Resources */ = {isa = PBXBuildFile; fileRef = F76245841CF3F881004B5647 /* face1.jpg */; };
		F762458E1CF3F881004B5647 /* face2.jpg in Resources */ = {isa = PBXBuildFile; fileRef = F76245851CF3F881004B5647 /* face2.jpg */; };
		F762458F1CF3F881004B5647 /* face3.jpg in Resources */ = {isa = PBXBuildFile; fileRef = F76245861CF3F881004B5647 /* face3.jpg */; };
		F76245901CF3F881004B5647 /* face4.jpg in Resources */ = {isa = PBXBuildFile; fileRef = F76245871CF3F881004B5647 /* face4.jpg */; };
		F76245911CF3F881004B5647 /* face5.jpg in Resources */ = {isa = PBXBuildFile; fileRef = F76245881CF3F881004B5647 /* face5.jpg */; };
/* End PBXBuildFile section */

/* Begin PBXContainerItemProxy section */
		F76245571CF3F042004B5647 /* PBXContainerItemProxy */ = {
			isa = PBXContainerItemProxy;
			containerPortal = F76245351CF3F041004B5647 /* Project object */;
			proxyType = 1;
			remoteGlobalIDString = F762453C1CF3F041004B5647;
			remoteInfo = sample_st_mobile_detection;
		};
		F76245621CF3F042004B5647 /* PBXContainerItemProxy */ = {
			isa = PBXContainerItemProxy;
			containerPortal = F76245351CF3F041004B5647 /* Project object */;
			proxyType = 1;
			remoteGlobalIDString = F762453C1CF3F041004B5647;
			remoteInfo = sample_st_mobile_detection;
		};
/* End PBXContainerItemProxy section */

/* Begin PBXFileReference section */
		F70220991D759CA00082A6E5 /* face_track_2.0.0.model */ = {isa = PBXFileReference; lastKnownFileType = file; path = face_track_2.0.0.model; sourceTree = "<group>"; };
		F702209A1D759CA00082A6E5 /* VERSION */ = {isa = PBXFileReference; fileEncoding = 4; lastKnownFileType = text; path = VERSION; sourceTree = "<group>"; };
		F729EEAB1D6ED31900890D06 /* SENSEME_106.lic */ = {isa = PBXFileReference; fileEncoding = 4; lastKnownFileType = text; path = SENSEME_106.lic; sourceTree = "<group>"; };
		F729EEAC1D6ED31900890D06 /* st_mobile_common.h */ = {isa = PBXFileReference; fileEncoding = 4; lastKnownFileType = sourcecode.c.h; path = st_mobile_common.h; sourceTree = "<group>"; };
		F729EEAD1D6ED31900890D06 /* st_mobile_face.h */ = {isa = PBXFileReference; fileEncoding = 4; lastKnownFileType = sourcecode.c.h; path = st_mobile_face.h; sourceTree = "<group>"; };
		F762453D1CF3F041004B5647 /* sample_st_mobile_detection.app */ = {isa = PBXFileReference; explicitFileType = wrapper.application; includeInIndex = 0; path = sample_st_mobile_detection.app; sourceTree = BUILT_PRODUCTS_DIR; };
		F76245411CF3F042004B5647 /* main.m */ = {isa = PBXFileReference; lastKnownFileType = sourcecode.c.objc; path = main.m; sourceTree = "<group>"; };
		F76245431CF3F042004B5647 /* AppDelegate.h */ = {isa = PBXFileReference; lastKnownFileType = sourcecode.c.h; path = AppDelegate.h; sourceTree = "<group>"; };
		F76245441CF3F042004B5647 /* AppDelegate.m */ = {isa = PBXFileReference; lastKnownFileType = sourcecode.c.objc; path = AppDelegate.m; sourceTree = "<group>"; };
		F762454A1CF3F042004B5647 /* Base */ = {isa = PBXFileReference; lastKnownFileType = file.storyboard; name = Base; path = Base.lproj/Main.storyboard; sourceTree = "<group>"; };
		F762454C1CF3F042004B5647 /* Assets.xcassets */ = {isa = PBXFileReference; lastKnownFileType = folder.assetcatalog; path = Assets.xcassets; sourceTree = "<group>"; };
		F762454F1CF3F042004B5647 /* Base */ = {isa = PBXFileReference; lastKnownFileType = file.storyboard; name = Base; path = Base.lproj/LaunchScreen.storyboard; sourceTree = "<group>"; };
		F76245511CF3F042004B5647 /* Info.plist */ = {isa = PBXFileReference; lastKnownFileType = text.plist.xml; path = Info.plist; sourceTree = "<group>"; };
		F76245561CF3F042004B5647 /* sample_st_mobile_detectionTests.xctest */ = {isa = PBXFileReference; explicitFileType = wrapper.cfbundle; includeInIndex = 0; path = sample_st_mobile_detectionTests.xctest; sourceTree = BUILT_PRODUCTS_DIR; };
		F762455A1CF3F042004B5647 /* sample_st_mobile_detectionTests.m */ = {isa = PBXFileReference; lastKnownFileType = sourcecode.c.objc; path = sample_st_mobile_detectionTests.m; sourceTree = "<group>"; };
		F762455C1CF3F042004B5647 /* Info.plist */ = {isa = PBXFileReference; lastKnownFileType = text.plist.xml; path = Info.plist; sourceTree = "<group>"; };
		F76245611CF3F042004B5647 /* sample_st_mobile_detectionUITests.xctest */ = {isa = PBXFileReference; explicitFileType = wrapper.cfbundle; includeInIndex = 0; path = sample_st_mobile_detectionUITests.xctest; sourceTree = BUILT_PRODUCTS_DIR; };
		F76245651CF3F042004B5647 /* sample_st_mobile_detectionUITests.m */ = {isa = PBXFileReference; lastKnownFileType = sourcecode.c.objc; path = sample_st_mobile_detectionUITests.m; sourceTree = "<group>"; };
		F76245671CF3F042004B5647 /* Info.plist */ = {isa = PBXFileReference; lastKnownFileType = text.plist.xml; path = Info.plist; sourceTree = "<group>"; };
		F76245731CF3F06F004B5647 /* Default-568h@2x.png */ = {isa = PBXFileReference; lastKnownFileType = image.png; path = "Default-568h@2x.png"; sourceTree = "<group>"; };
		F76245771CF3F168004B5647 /* libst_mobile.a */ = {isa = PBXFileReference; lastKnownFileType = archive.ar; path = libst_mobile.a; sourceTree = "<group>"; };
		F762457F1CF3F881004B5647 /* DetailViewController.h */ = {isa = PBXFileReference; fileEncoding = 4; lastKnownFileType = sourcecode.c.h; path = DetailViewController.h; sourceTree = "<group>"; };
		F76245801CF3F881004B5647 /* DetailViewController.m */ = {isa = PBXFileReference; fileEncoding = 4; lastKnownFileType = sourcecode.c.objc; path = DetailViewController.m; sourceTree = "<group>"; };
		F76245811CF3F881004B5647 /* RootTableViewController.m */ = {isa = PBXFileReference; fileEncoding = 4; lastKnownFileType = sourcecode.c.objc; path = RootTableViewController.m; sourceTree = "<group>"; };
		F76245831CF3F881004B5647 /* face0.jpg */ = {isa = PBXFileReference; lastKnownFileType = image.jpeg; path = face0.jpg; sourceTree = "<group>"; };
		F76245841CF3F881004B5647 /* face1.jpg */ = {isa = PBXFileReference; lastKnownFileType = image.jpeg; path = face1.jpg; sourceTree = "<group>"; };
		F76245851CF3F881004B5647 /* face2.jpg */ = {isa = PBXFileReference; lastKnownFileType = image.jpeg; path = face2.jpg; sourceTree = "<group>"; };
		F76245861CF3F881004B5647 /* face3.jpg */ = {isa = PBXFileReference; lastKnownFileType = image.jpeg; path = face3.jpg; sourceTree = "<group>"; };
		F76245871CF3F881004B5647 /* face4.jpg */ = {isa = PBXFileReference; lastKnownFileType = image.jpeg; path = face4.jpg; sourceTree = "<group>"; };
		F76245881CF3F881004B5647 /* face5.jpg */ = {isa = PBXFileReference; lastKnownFileType = image.jpeg; path = face5.jpg; sourceTree = "<group>"; };
		F76245891CF3F881004B5647 /* RootTableViewController.h */ = {isa = PBXFileReference; fileEncoding = 4; lastKnownFileType = sourcecode.c.h; path = RootTableViewController.h; sourceTree = "<group>"; };
/* End PBXFileReference section */

/* Begin PBXFrameworksBuildPhase section */
		F762453A1CF3F041004B5647 /* Frameworks */ = {
			isa = PBXFrameworksBuildPhase;
			buildActionMask = 2147483647;
			files = (
				F76245791CF3F168004B5647 /* libst_mobile.a in Frameworks */,
			);
			runOnlyForDeploymentPostprocessing = 0;
		};
		F76245531CF3F042004B5647 /* Frameworks */ = {
			isa = PBXFrameworksBuildPhase;
			buildActionMask = 2147483647;
			files = (
			);
			runOnlyForDeploymentPostprocessing = 0;
		};
		F762455E1CF3F042004B5647 /* Frameworks */ = {
			isa = PBXFrameworksBuildPhase;
			buildActionMask = 2147483647;
			files = (
			);
			runOnlyForDeploymentPostprocessing = 0;
		};
/* End PBXFrameworksBuildPhase section */

/* Begin PBXGroup section */
		F76245341CF3F041004B5647 = {
			isa = PBXGroup;
			children = (
				F762453F1CF3F042004B5647 /* sample_st_mobile_detection */,
				F76245591CF3F042004B5647 /* sample_st_mobile_detectionTests */,
				F76245641CF3F042004B5647 /* sample_st_mobile_detectionUITests */,
				F762453E1CF3F041004B5647 /* Products */,
			);
			sourceTree = "<group>";
		};
		F762453E1CF3F041004B5647 /* Products */ = {
			isa = PBXGroup;
			children = (
				F762453D1CF3F041004B5647 /* sample_st_mobile_detection.app */,
				F76245561CF3F042004B5647 /* sample_st_mobile_detectionTests.xctest */,
				F76245611CF3F042004B5647 /* sample_st_mobile_detectionUITests.xctest */,
			);
			name = Products;
			sourceTree = "<group>";
		};
		F762453F1CF3F042004B5647 /* sample_st_mobile_detection */ = {
			isa = PBXGroup;
			children = (
				F76245431CF3F042004B5647 /* AppDelegate.h */,
				F76245441CF3F042004B5647 /* AppDelegate.m */,
				F76245891CF3F881004B5647 /* RootTableViewController.h */,
				F76245811CF3F881004B5647 /* RootTableViewController.m */,
				F762457F1CF3F881004B5647 /* DetailViewController.h */,
				F76245801CF3F881004B5647 /* DetailViewController.m */,
				F76245751CF3F168004B5647 /* libs */,
				F76245821CF3F881004B5647 /* res */,
				F76245401CF3F042004B5647 /* Supporting Files */,
			);
			path = sample_st_mobile_detection;
			sourceTree = "<group>";
		};
		F76245401CF3F042004B5647 /* Supporting Files */ = {
			isa = PBXGroup;
			children = (
				F76245491CF3F042004B5647 /* Main.storyboard */,
				F762454C1CF3F042004B5647 /* Assets.xcassets */,
				F762454E1CF3F042004B5647 /* LaunchScreen.storyboard */,
				F76245731CF3F06F004B5647 /* Default-568h@2x.png */,
				F76245511CF3F042004B5647 /* Info.plist */,
				F76245411CF3F042004B5647 /* main.m */,
			);
			name = "Supporting Files";
			sourceTree = "<group>";
		};
		F76245591CF3F042004B5647 /* sample_st_mobile_detectionTests */ = {
			isa = PBXGroup;
			children = (
				F762455A1CF3F042004B5647 /* sample_st_mobile_detectionTests.m */,
				F762455C1CF3F042004B5647 /* Info.plist */,
			);
			path = sample_st_mobile_detectionTests;
			sourceTree = "<group>";
		};
		F76245641CF3F042004B5647 /* sample_st_mobile_detectionUITests */ = {
			isa = PBXGroup;
			children = (
				F76245651CF3F042004B5647 /* sample_st_mobile_detectionUITests.m */,
				F76245671CF3F042004B5647 /* Info.plist */,
			);
			path = sample_st_mobile_detectionUITests;
			sourceTree = "<group>";
		};
		F76245751CF3F168004B5647 /* libs */ = {
			isa = PBXGroup;
			children = (
				F70220991D759CA00082A6E5 /* face_track_2.0.0.model */,
				F702209A1D759CA00082A6E5 /* VERSION */,
				F729EEAB1D6ED31900890D06 /* SENSEME_106.lic */,
				F729EEAC1D6ED31900890D06 /* st_mobile_common.h */,
				F729EEAD1D6ED31900890D06 /* st_mobile_face.h */,
				F76245771CF3F168004B5647 /* libst_mobile.a */,
			);
			path = libs;
			sourceTree = "<group>";
		};
		F76245821CF3F881004B5647 /* res */ = {
			isa = PBXGroup;
			children = (
				F76245831CF3F881004B5647 /* face0.jpg */,
				F76245841CF3F881004B5647 /* face1.jpg */,
				F76245851CF3F881004B5647 /* face2.jpg */,
				F76245861CF3F881004B5647 /* face3.jpg */,
				F76245871CF3F881004B5647 /* face4.jpg */,
				F76245881CF3F881004B5647 /* face5.jpg */,
			);
			path = res;
			sourceTree = "<group>";
		};
/* End PBXGroup section */

/* Begin PBXNativeTarget section */
		F762453C1CF3F041004B5647 /* sample_st_mobile_detection */ = {
			isa = PBXNativeTarget;
			buildConfigurationList = F762456A1CF3F042004B5647 /* Build configuration list for PBXNativeTarget "sample_st_mobile_detection" */;
			buildPhases = (
				F76245391CF3F041004B5647 /* Sources */,
				F762453A1CF3F041004B5647 /* Frameworks */,
				F762453B1CF3F041004B5647 /* Resources */,
			);
			buildRules = (
			);
			dependencies = (
			);
			name = sample_st_mobile_detection;
			productName = sample_st_mobile_detection;
			productReference = F762453D1CF3F041004B5647 /* sample_st_mobile_detection.app */;
			productType = "com.apple.product-type.application";
		};
		F76245551CF3F042004B5647 /* sample_st_mobile_detectionTests */ = {
			isa = PBXNativeTarget;
			buildConfigurationList = F762456D1CF3F042004B5647 /* Build configuration list for PBXNativeTarget "sample_st_mobile_detectionTests" */;
			buildPhases = (
				F76245521CF3F042004B5647 /* Sources */,
				F76245531CF3F042004B5647 /* Frameworks */,
				F76245541CF3F042004B5647 /* Resources */,
			);
			buildRules = (
			);
			dependencies = (
				F76245581CF3F042004B5647 /* PBXTargetDependency */,
			);
			name = sample_st_mobile_detectionTests;
			productName = sample_st_mobile_detectionTests;
			productReference = F76245561CF3F042004B5647 /* sample_st_mobile_detectionTests.xctest */;
			productType = "com.apple.product-type.bundle.unit-test";
		};
		F76245601CF3F042004B5647 /* sample_st_mobile_detectionUITests */ = {
			isa = PBXNativeTarget;
			buildConfigurationList = F76245701CF3F042004B5647 /* Build configuration list for PBXNativeTarget "sample_st_mobile_detectionUITests" */;
			buildPhases = (
				F762455D1CF3F042004B5647 /* Sources */,
				F762455E1CF3F042004B5647 /* Frameworks */,
				F762455F1CF3F042004B5647 /* Resources */,
			);
			buildRules = (
			);
			dependencies = (
				F76245631CF3F042004B5647 /* PBXTargetDependency */,
			);
			name = sample_st_mobile_detectionUITests;
			productName = sample_st_mobile_detectionUITests;
			productReference = F76245611CF3F042004B5647 /* sample_st_mobile_detectionUITests.xctest */;
			productType = "com.apple.product-type.bundle.ui-testing";
		};
/* End PBXNativeTarget section */

/* Begin PBXProject section */
		F76245351CF3F041004B5647 /* Project object */ = {
			isa = PBXProject;
			attributes = {
				LastUpgradeCheck = 0730;
				ORGANIZATIONNAME = SenseTime;
				TargetAttributes = {
					F762453C1CF3F041004B5647 = {
						CreatedOnToolsVersion = 7.3.1;
						DevelopmentTeam = G426QE9Z25;
					};
					F76245551CF3F042004B5647 = {
						CreatedOnToolsVersion = 7.3.1;
						TestTargetID = F762453C1CF3F041004B5647;
					};
					F76245601CF3F042004B5647 = {
						CreatedOnToolsVersion = 7.3.1;
						TestTargetID = F762453C1CF3F041004B5647;
					};
				};
			};
			buildConfigurationList = F76245381CF3F041004B5647 /* Build configuration list for PBXProject "sample_st_mobile_detection" */;
			compatibilityVersion = "Xcode 3.2";
			developmentRegion = English;
			hasScannedForEncodings = 0;
			knownRegions = (
				en,
				Base,
			);
			mainGroup = F76245341CF3F041004B5647;
			productRefGroup = F762453E1CF3F041004B5647 /* Products */;
			projectDirPath = "";
			projectRoot = "";
			targets = (
				F762453C1CF3F041004B5647 /* sample_st_mobile_detection */,
				F76245551CF3F042004B5647 /* sample_st_mobile_detectionTests */,
				F76245601CF3F042004B5647 /* sample_st_mobile_detectionUITests */,
			);
		};
/* End PBXProject section */

/* Begin PBXResourcesBuildPhase section */
		F762453B1CF3F041004B5647 /* Resources */ = {
			isa = PBXResourcesBuildPhase;
			buildActionMask = 2147483647;
			files = (
				F76245911CF3F881004B5647 /* face5.jpg in Resources */,
				F702209C1D759CA00082A6E5 /* VERSION in Resources */,
				F762458D1CF3F881004B5647 /* face1.jpg in Resources */,
				F762458C1CF3F881004B5647 /* face0.jpg in Resources */,
				F762458F1CF3F881004B5647 /* face3.jpg in Resources */,
				F76245901CF3F881004B5647 /* face4.jpg in Resources */,
				F702209B1D759CA00082A6E5 /* face_track_2.0.0.model in Resources */,
				F762458E1CF3F881004B5647 /* face2.jpg in Resources */,
				F729EEAF1D6ED31900890D06 /* SENSEME_106.lic in Resources */,
				F76245501CF3F042004B5647 /* LaunchScreen.storyboard in Resources */,
				F76245741CF3F06F004B5647 /* Default-568h@2x.png in Resources */,
				F762454D1CF3F042004B5647 /* Assets.xcassets in Resources */,
				F762454B1CF3F042004B5647 /* Main.storyboard in Resources */,
			);
			runOnlyForDeploymentPostprocessing = 0;
		};
		F76245541CF3F042004B5647 /* Resources */ = {
			isa = PBXResourcesBuildPhase;
			buildActionMask = 2147483647;
			files = (
			);
			runOnlyForDeploymentPostprocessing = 0;
		};
		F762455F1CF3F042004B5647 /* Resources */ = {
			isa = PBXResourcesBuildPhase;
			buildActionMask = 2147483647;
			files = (
			);
			runOnlyForDeploymentPostprocessing = 0;
		};
/* End PBXResourcesBuildPhase section */

/* Begin PBXSourcesBuildPhase section */
		F76245391CF3F041004B5647 /* Sources */ = {
			isa = PBXSourcesBuildPhase;
			buildActionMask = 2147483647;
			files = (
				F76245451CF3F042004B5647 /* AppDelegate.m in Sources */,
				F76245421CF3F042004B5647 /* main.m in Sources */,
				F762458A1CF3F881004B5647 /* DetailViewController.m in Sources */,
				F762458B1CF3F881004B5647 /* RootTableViewController.m in Sources */,
			);
			runOnlyForDeploymentPostprocessing = 0;
		};
		F76245521CF3F042004B5647 /* Sources */ = {
			isa = PBXSourcesBuildPhase;
			buildActionMask = 2147483647;
			files = (
				F762455B1CF3F042004B5647 /* sample_st_mobile_detectionTests.m in Sources */,
			);
			runOnlyForDeploymentPostprocessing = 0;
		};
		F762455D1CF3F042004B5647 /* Sources */ = {
			isa = PBXSourcesBuildPhase;
			buildActionMask = 2147483647;
			files = (
				F76245661CF3F042004B5647 /* sample_st_mobile_detectionUITests.m in Sources */,
			);
			runOnlyForDeploymentPostprocessing = 0;
		};
/* End PBXSourcesBuildPhase section */

/* Begin PBXTargetDependency section */
		F76245581CF3F042004B5647 /* PBXTargetDependency */ = {
			isa = PBXTargetDependency;
			target = F762453C1CF3F041004B5647 /* sample_st_mobile_detection */;
			targetProxy = F76245571CF3F042004B5647 /* PBXContainerItemProxy */;
		};
		F76245631CF3F042004B5647 /* PBXTargetDependency */ = {
			isa = PBXTargetDependency;
			target = F762453C1CF3F041004B5647 /* sample_st_mobile_detection */;
			targetProxy = F76245621CF3F042004B5647 /* PBXContainerItemProxy */;
		};
/* End PBXTargetDependency section */

/* Begin PBXVariantGroup section */
		F76245491CF3F042004B5647 /* Main.storyboard */ = {
			isa = PBXVariantGroup;
			children = (
				F762454A1CF3F042004B5647 /* Base */,
			);
			name = Main.storyboard;
			sourceTree = "<group>";
		};
		F762454E1CF3F042004B5647 /* LaunchScreen.storyboard */ = {
			isa = PBXVariantGroup;
			children = (
				F762454F1CF3F042004B5647 /* Base */,
			);
			name = LaunchScreen.storyboard;
			sourceTree = "<group>";
		};
/* End PBXVariantGroup section */

/* Begin XCBuildConfiguration section */
		F76245681CF3F042004B5647 /* Debug */ = {
			isa = XCBuildConfiguration;
			buildSettings = {
				ALWAYS_SEARCH_USER_PATHS = NO;
				CLANG_ANALYZER_NONNULL = YES;
				CLANG_CXX_LANGUAGE_STANDARD = "gnu++0x";
				CLANG_CXX_LIBRARY = "libc++";
				CLANG_ENABLE_MODULES = YES;
				CLANG_ENABLE_OBJC_ARC = YES;
				CLANG_WARN_BOOL_CONVERSION = YES;
				CLANG_WARN_CONSTANT_CONVERSION = YES;
				CLANG_WARN_DIRECT_OBJC_ISA_USAGE = YES_ERROR;
				CLANG_WARN_EMPTY_BODY = YES;
				CLANG_WARN_ENUM_CONVERSION = YES;
				CLANG_WARN_INT_CONVERSION = YES;
				CLANG_WARN_OBJC_ROOT_CLASS = YES_ERROR;
				CLANG_WARN_UNREACHABLE_CODE = YES;
				CLANG_WARN__DUPLICATE_METHOD_MATCH = YES;
				"CODE_SIGN_IDENTITY[sdk=iphoneos*]" = "iPhone Developer";
				COPY_PHASE_STRIP = NO;
				DEBUG_INFORMATION_FORMAT = dwarf;
				ENABLE_STRICT_OBJC_MSGSEND = YES;
				ENABLE_TESTABILITY = YES;
				GCC_C_LANGUAGE_STANDARD = gnu99;
				GCC_DYNAMIC_NO_PIC = NO;
				GCC_NO_COMMON_BLOCKS = YES;
				GCC_OPTIMIZATION_LEVEL = 0;
				GCC_PREPROCESSOR_DEFINITIONS = (
					"DEBUG=1",
					"$(inherited)",
				);
				GCC_WARN_64_TO_32_BIT_CONVERSION = YES;
				GCC_WARN_ABOUT_RETURN_TYPE = YES_ERROR;
				GCC_WARN_UNDECLARED_SELECTOR = YES;
				GCC_WARN_UNINITIALIZED_AUTOS = YES_AGGRESSIVE;
				GCC_WARN_UNUSED_FUNCTION = YES;
				GCC_WARN_UNUSED_VARIABLE = YES;
				IPHONEOS_DEPLOYMENT_TARGET = 9.3;
				MTL_ENABLE_DEBUG_INFO = YES;
				ONLY_ACTIVE_ARCH = YES;
				SDKROOT = iphoneos;
			};
			name = Debug;
		};
		F76245691CF3F042004B5647 /* Release */ = {
			isa = XCBuildConfiguration;
			buildSettings = {
				ALWAYS_SEARCH_USER_PATHS = NO;
				CLANG_ANALYZER_NONNULL = YES;
				CLANG_CXX_LANGUAGE_STANDARD = "gnu++0x";
				CLANG_CXX_LIBRARY = "libc++";
				CLANG_ENABLE_MODULES = YES;
				CLANG_ENABLE_OBJC_ARC = YES;
				CLANG_WARN_BOOL_CONVERSION = YES;
				CLANG_WARN_CONSTANT_CONVERSION = YES;
				CLANG_WARN_DIRECT_OBJC_ISA_USAGE = YES_ERROR;
				CLANG_WARN_EMPTY_BODY = YES;
				CLANG_WARN_ENUM_CONVERSION = YES;
				CLANG_WARN_INT_CONVERSION = YES;
				CLANG_WARN_OBJC_ROOT_CLASS = YES_ERROR;
				CLANG_WARN_UNREACHABLE_CODE = YES;
				CLANG_WARN__DUPLICATE_METHOD_MATCH = YES;
				"CODE_SIGN_IDENTITY[sdk=iphoneos*]" = "iPhone Developer";
				COPY_PHASE_STRIP = NO;
				DEBUG_INFORMATION_FORMAT = "dwarf-with-dsym";
				ENABLE_NS_ASSERTIONS = NO;
				ENABLE_STRICT_OBJC_MSGSEND = YES;
				GCC_C_LANGUAGE_STANDARD = gnu99;
				GCC_NO_COMMON_BLOCKS = YES;
				GCC_WARN_64_TO_32_BIT_CONVERSION = YES;
				GCC_WARN_ABOUT_RETURN_TYPE = YES_ERROR;
				GCC_WARN_UNDECLARED_SELECTOR = YES;
				GCC_WARN_UNINITIALIZED_AUTOS = YES_AGGRESSIVE;
				GCC_WARN_UNUSED_FUNCTION = YES;
				GCC_WARN_UNUSED_VARIABLE = YES;
				IPHONEOS_DEPLOYMENT_TARGET = 9.3;
				MTL_ENABLE_DEBUG_INFO = NO;
				SDKROOT = iphoneos;
				VALIDATE_PRODUCT = YES;
			};
			name = Release;
		};
		F762456B1CF3F042004B5647 /* Debug */ = {
			isa = XCBuildConfiguration;
			buildSettings = {
				ASSETCATALOG_COMPILER_APPICON_NAME = AppIcon;
				ASSETCATALOG_COMPILER_LAUNCHIMAGE_NAME = "Brand Assets";
				CODE_SIGN_IDENTITY = "iPhone Developer";
				"CODE_SIGN_IDENTITY[sdk=iphoneos*]" = "iPhone Developer";
				ENABLE_BITCODE = NO;
				INFOPLIST_FILE = sample_st_mobile_detection/Info.plist;
				IPHONEOS_DEPLOYMENT_TARGET = 7.0;
				LD_RUNPATH_SEARCH_PATHS = "$(inherited) @executable_path/Frameworks";
				LIBRARY_SEARCH_PATHS = (
					"$(inherited)",
					"$(PROJECT_DIR)/sample_st_mobile_detection/libs",
				);
				OTHER_LDFLAGS = (
					"-lstdc++",
					"-ObjC",
				);
				PRODUCT_BUNDLE_IDENTIFIER = "com.sensetime.sample-st-mobile-detection";
				PRODUCT_NAME = "$(TARGET_NAME)";
				PROVISIONING_PROFILE = "";
			};
			name = Debug;
		};
		F762456C1CF3F042004B5647 /* Release */ = {
			isa = XCBuildConfiguration;
			buildSettings = {
				ASSETCATALOG_COMPILER_APPICON_NAME = AppIcon;
				ASSETCATALOG_COMPILER_LAUNCHIMAGE_NAME = "Brand Assets";
				CODE_SIGN_IDENTITY = "iPhone Developer";
				"CODE_SIGN_IDENTITY[sdk=iphoneos*]" = "iPhone Developer";
				ENABLE_BITCODE = NO;
				INFOPLIST_FILE = sample_st_mobile_detection/Info.plist;
				IPHONEOS_DEPLOYMENT_TARGET = 7.0;
				LD_RUNPATH_SEARCH_PATHS = "$(inherited) @executable_path/Frameworks";
				LIBRARY_SEARCH_PATHS = (
					"$(inherited)",
					"$(PROJECT_DIR)/sample_st_mobile_detection/libs",
				);
				OTHER_LDFLAGS = (
					"-lstdc++",
					"-ObjC",
				);
				PRODUCT_BUNDLE_IDENTIFIER = "com.sensetime.sample-st-mobile-detection";
				PRODUCT_NAME = "$(TARGET_NAME)";
				PROVISIONING_PROFILE = "";
			};
			name = Release;
		};
		F762456E1CF3F042004B5647 /* Debug */ = {
			isa = XCBuildConfiguration;
			buildSettings = {
				BUNDLE_LOADER = "$(TEST_HOST)";
				INFOPLIST_FILE = sample_st_mobile_detectionTests/Info.plist;
				LD_RUNPATH_SEARCH_PATHS = "$(inherited) @executable_path/Frameworks @loader_path/Frameworks";
				PRODUCT_BUNDLE_IDENTIFIER = "com.sensetime.sample-st-mobile-detectionTests";
				PRODUCT_NAME = "$(TARGET_NAME)";
				TEST_HOST = "$(BUILT_PRODUCTS_DIR)/sample_st_mobile_detection.app/sample_st_mobile_detection";
			};
			name = Debug;
		};
		F762456F1CF3F042004B5647 /* Release */ = {
			isa = XCBuildConfiguration;
			buildSettings = {
				BUNDLE_LOADER = "$(TEST_HOST)";
				INFOPLIST_FILE = sample_st_mobile_detectionTests/Info.plist;
				LD_RUNPATH_SEARCH_PATHS = "$(inherited) @executable_path/Frameworks @loader_path/Frameworks";
				PRODUCT_BUNDLE_IDENTIFIER = "com.sensetime.sample-st-mobile-detectionTests";
				PRODUCT_NAME = "$(TARGET_NAME)";
				TEST_HOST = "$(BUILT_PRODUCTS_DIR)/sample_st_mobile_detection.app/sample_st_mobile_detection";
			};
			name = Release;
		};
		F76245711CF3F042004B5647 /* Debug */ = {
			isa = XCBuildConfiguration;
			buildSettings = {
				INFOPLIST_FILE = sample_st_mobile_detectionUITests/Info.plist;
				LD_RUNPATH_SEARCH_PATHS = "$(inherited) @executable_path/Frameworks @loader_path/Frameworks";
				PRODUCT_BUNDLE_IDENTIFIER = "com.sensetime.sample-st-mobile-detectionUITests";
				PRODUCT_NAME = "$(TARGET_NAME)";
				TEST_TARGET_NAME = sample_st_mobile_detection;
			};
			name = Debug;
		};
		F76245721CF3F042004B5647 /* Release */ = {
			isa = XCBuildConfiguration;
			buildSettings = {
				INFOPLIST_FILE = sample_st_mobile_detectionUITests/Info.plist;
				LD_RUNPATH_SEARCH_PATHS = "$(inherited) @executable_path/Frameworks @loader_path/Frameworks";
				PRODUCT_BUNDLE_IDENTIFIER = "com.sensetime.sample-st-mobile-detectionUITests";
				PRODUCT_NAME = "$(TARGET_NAME)";
				TEST_TARGET_NAME = sample_st_mobile_detection;
			};
			name = Release;
		};
/* End XCBuildConfiguration section */

/* Begin XCConfigurationList section */
		F76245381CF3F041004B5647 /* Build configuration list for PBXProject "sample_st_mobile_detection" */ = {
			isa = XCConfigurationList;
			buildConfigurations = (
				F76245681CF3F042004B5647 /* Debug */,
				F76245691CF3F042004B5647 /* Release */,
			);
			defaultConfigurationIsVisible = 0;
			defaultConfigurationName = Release;
		};
		F762456A1CF3F042004B5647 /* Build configuration list for PBXNativeTarget "sample_st_mobile_detection" */ = {
			isa = XCConfigurationList;
			buildConfigurations = (
				F762456B1CF3F042004B5647 /* Debug */,
				F762456C1CF3F042004B5647 /* Release */,
			);
			defaultConfigurationIsVisible = 0;
			defaultConfigurationName = Release;
		};
		F762456D1CF3F042004B5647 /* Build configuration list for PBXNativeTarget "sample_st_mobile_detectionTests" */ = {
			isa = XCConfigurationList;
			buildConfigurations = (
				F762456E1CF3F042004B5647 /* Debug */,
				F762456F1CF3F042004B5647 /* Release */,
			);
			defaultConfigurationIsVisible = 0;
			defaultConfigurationName = Release;
		};
		F76245701CF3F042004B5647 /* Build configuration list for PBXNativeTarget "sample_st_mobile_detectionUITests" */ = {
			isa = XCConfigurationList;
			buildConfigurations = (
				F76245711CF3F042004B5647 /* Debug */,
				F76245721CF3F042004B5647 /* Release */,
			);
			defaultConfigurationIsVisible = 0;
			defaultConfigurationName = Release;
		};
/* End XCConfigurationList section */
	};
	rootObject = F76245351CF3F041004B5647 /* Project object */;
}
